
Microsoft Visual Studio Solution File, Format Version 12.00
# Visual Studio Version 17
VisualStudioVersion = 17.10.35013.160
MinimumVisualStudioVersion = 10.0.40219.1
Project("{FAE04EC0-301F-11D3-BF4B-00C04F79EFBC}") = "CRUDzor", "CRUDzor\CRUDzor.csproj", "{F123EF6A-EDAB-4565-8538-781BD3F9E1F3}"
EndProject
Global
	GlobalSection(SolutionConfigurationPlatforms) = preSolution
		Debug|Any CPU = Debug|Any CPU
		Release|Any CPU = Release|Any CPU
	EndGlobalSection
	GlobalSection(ProjectConfigurationPlatforms) = postSolution
		{F123EF6A-EDAB-4565-8538-781BD3F9E1F3}.Debug|Any CPU.ActiveCfg = Debug|Any CPU
		{F123EF6A-EDAB-4565-8538-781BD3F9E1F3}.Debug|Any CPU.Build.0 = Debug|Any CPU
		{F123EF6A-EDAB-4565-8538-781BD3F9E1F3}.Release|Any CPU.ActiveCfg = Release|Any CPU
		{F123EF6A-EDAB-4565-8538-781BD3F9E1F3}.Release|Any CPU.Build.0 = Release|Any CPU
	EndGlobalSection
	GlobalSection(SolutionProperties) = preSolution
		HideSolutionNode = FALSE
	EndGlobalSection
	GlobalSection(ExtensibilityGlobals) = postSolution
		SolutionGuid = {1C9CC112-B6AA-4883-AACD-05BCCD457695}
	EndGlobalSection
EndGlobal
